# THIS IS AN AUTOGENERATED FILE. DO NOT EDIT THIS FILE DIRECTLY.
# yarn lockfile v1


circular-json@^0.5.5:
  version "0.5.9"
  resolved "http://npmreg.qa.91jkys.com/circular-json/-/circular-json-0.5.9.tgz#932763ae88f4f7dead7a0d09c8a51a4743a53b1d"
  integrity sha1-kydjroj0996teg0JyKUaR0OlOx0=

core-util-is@~1.0.0:
  version "1.0.2"
  resolved "http://npmreg.qa.91jkys.com/core-util-is/-/core-util-is-1.0.2.tgz#b5fd54220aa2bc5ab57aab7140c940754503c1a7"
  integrity sha1-tf1UIgqivFq1eqtxQMlAdUUDwac=

date-format@^1.2.0:
  version "1.2.0"
  resolved "http://npmreg.qa.91jkys.com/date-format/-/date-format-1.2.0.tgz#615e828e233dd1ab9bb9ae0950e0ceccfa6ecad8"
  integrity sha1-YV6CjiM90aubua4JUODOzPpuytg=

debug@^3.1.0:
  version "3.2.7"
  resolved "http://npmreg.qa.91jkys.com/debug/-/debug-3.2.7.tgz#72580b7e9145fb39b6676f9c5e5fb100b934179a"
  integrity sha1-clgLfpFF+zm2Z2+cXl+xALk0F5o=
  dependencies:
    ms "^2.1.1"

images@^3.0.1:
  version "3.2.3"
  resolved "http://npmreg.qa.91jkys.com/images/-/images-3.2.3.tgz#8e86421df163d9b3a60ee4d1dc7cd8205f2d2bd7"
  integrity sha1-joZCHfFj2bOmDuTR3HzYIF8tK9c=

inherits@~2.0.3:
  version "2.0.4"
  resolved "http://npmreg.qa.91jkys.com/inherits/-/inherits-2.0.4.tgz#0fa2c64f932917c3433a0ded55363aae37416b7c"
  integrity sha1-D6LGT5MpF8NDOg3tVTY6rjdBa3w=

isarray@~1.0.0:
  version "1.0.0"
  resolved "http://npmreg.qa.91jkys.com/isarray/-/isarray-1.0.0.tgz#bb935d48582cba168c06834957a54a3e07124f11"
  integrity sha1-u5NdSFgsuhaMBoNJV6VKPgcSTxE=

log4js@^3.0.6:
  version "3.0.6"
  resolved "http://npmreg.qa.91jkys.com/log4js/-/log4js-3.0.6.tgz#e6caced94967eeeb9ce399f9f8682a4b2b28c8ff"
  integrity sha1-5srO2Uln7uuc45n5+GgqSysoyP8=
  dependencies:
    circular-json "^0.5.5"
    date-format "^1.2.0"
    debug "^3.1.0"
    rfdc "^1.1.2"
    streamroller "0.7.0"

minimist@^1.2.5:
  version "1.2.5"
  resolved "http://npmreg.qa.91jkys.com/minimist/-/minimist-1.2.5.tgz#67d66014b66a6a8aaa0c083c5fd58df4e4e97602"
  integrity sha1-Z9ZgFLZqaoqqDAg8X9WN9OTpdgI=

mkdirp@^0.5.1:
  version "0.5.5"
  resolved "http://npmreg.qa.91jkys.com/mkdirp/-/mkdirp-0.5.5.tgz#d91cefd62d1436ca0f41620e251288d420099def"
  integrity sha1-2Rzv1i0UNsoPQWIOJRKI1CAJne8=
  dependencies:
    minimist "^1.2.5"

ms@^2.1.1:
  version "2.1.3"
  resolved "http://npmreg.qa.91jkys.com/ms/-/ms-2.1.3.tgz#574c8138ce1d2b5861f0b44579dbadd60c6615b2"
  integrity sha1-V0yBOM4dK1hh8LRFedut1gxmFbI=

process-nextick-args@~2.0.0:
  version "2.0.1"
  resolved "http://npmreg.qa.91jkys.com/process-nextick-args/-/process-nextick-args-2.0.1.tgz#7820d9b16120cc55ca9ae7792680ae7dba6d7fe2"
  integrity sha1-eCDZsWEgzFXKmud5JoCufbptf+I=

readable-stream@^2.3.0:
  version "2.3.7"
  resolved "http://npmreg.qa.91jkys.com/readable-stream/-/readable-stream-2.3.7.tgz#1eca1cf711aef814c04f62252a36a62f6cb23b57"
  integrity sha1-Hsoc9xGu+BTAT2IlKjamL2yyO1c=
  dependencies:
    core-util-is "~1.0.0"
    inherits "~2.0.3"
    isarray "~1.0.0"
    process-nextick-args "~2.0.0"
    safe-buffer "~5.1.1"
    string_decoder "~1.1.1"
    util-deprecate "~1.0.1"

rfdc@^1.1.2:
  version "1.1.4"
  resolved "http://npmreg.qa.91jkys.com/rfdc/-/rfdc-1.1.4.tgz#ba72cc1367a0ccd9cf81a870b3b58bd3ad07f8c2"
  integrity sha1-unLME2egzNnPgahws7WL060H+MI=

safe-buffer@~5.1.0, safe-buffer@~5.1.1:
  version "5.1.2"
  resolved "http://npmreg.qa.91jkys.com/safe-buffer/-/safe-buffer-5.1.2.tgz#991ec69d296e0313747d59bdfd2b745c35f8828d"
  integrity sha1-mR7GnSluAxN0fVm9/St0XDX4go0=

simple-sprite@^1.0.0:
  version "1.0.0"
  resolved "http://npmreg.qa.91jkys.com/simple-sprite/-/simple-sprite-1.0.0.tgz#3a5cc382a4977ea3ec16fe6273510993ead9a589"
  integrity sha1-OlzDgqSXfqPsFv5ic1EJk+rZpYk=
  dependencies:
    images "^3.0.1"
    log4js "^3.0.6"

streamroller@0.7.0:
  version "0.7.0"
  resolved "http://npmreg.qa.91jkys.com/streamroller/-/streamroller-0.7.0.tgz#a1d1b7cf83d39afb0d63049a5acbf93493bdf64b"
  integrity sha1-odG3z4PTmvsNYwSaWsv5NJO99ks=
  dependencies:
    date-format "^1.2.0"
    debug "^3.1.0"
    mkdirp "^0.5.1"
    readable-stream "^2.3.0"

string_decoder@~1.1.1:
  version "1.1.1"
  resolved "http://npmreg.qa.91jkys.com/string_decoder/-/string_decoder-1.1.1.tgz#9cf1611ba62685d7030ae9e4ba34149c3af03fc8"
  integrity sha1-nPFhG6YmhdcDCunkujQUnDrwP8g=
  dependencies:
    safe-buffer "~5.1.0"

util-deprecate@~1.0.1:
  version "1.0.2"
  resolved "http://npmreg.qa.91jkys.com/util-deprecate/-/util-deprecate-1.0.2.tgz#450d4dc9fa70de732762fbd2d4a28981419a0ccf"
  integrity sha1-RQ1Nyfpw3nMnYvvS1KKJgUGaDM8=
